
Microsoft Visual Studio Solution File, Format Version 12.00
# Visual Studio 14
VisualStudioVersion = 14.0.24720.0
MinimumVisualStudioVersion = 10.0.40219.1
Project("{FAE04EC0-301F-11D3-BF4B-00C04F79EFBC}") = "WordProgress.Domain", "WordProgress.Domain\WordProgress.Domain.csproj", "{FD5C16FA-733A-4183-B5C1-9ED6E92AB857}"
EndProject
Project("{FAE04EC0-301F-11D3-BF4B-00C04F79EFBC}") = "WordProgress.Edument", "WordProgress.Edument\WordProgress.Edument.csproj", "{3C6782DE-A15C-4510-821B-A7C3E363880E}"
EndProject
Project("{FAE04EC0-301F-11D3-BF4B-00C04F79EFBC}") = "WordProgress.Tests", "WordProgress.Tests\WordProgress.Tests.csproj", "{869098DE-F303-44F8-B6C9-B36D9BE71869}"
EndProject
Project("{FAE04EC0-301F-11D3-BF4B-00C04F79EFBC}") = "WordProgress.ReadModels", "WordProgress.ReadModels\WordProgress.ReadModels.csproj", "{A80FEFA9-14B6-44EF-81CE-A5A9F875D80F}"
EndProject
Project("{8BB2217D-0F2D-49D1-97BC-3654ED321F3B}") = "WordProgress.Web", "WordProgress.Web\WordProgress.Web.xproj", "{9A8841C8-A343-4C06-8B28-16CE30A59431}"
EndProject
Global
	GlobalSection(SolutionConfigurationPlatforms) = preSolution
		Debug|Any CPU = Debug|Any CPU
		Release|Any CPU = Release|Any CPU
	EndGlobalSection
	GlobalSection(ProjectConfigurationPlatforms) = postSolution
		{FD5C16FA-733A-4183-B5C1-9ED6E92AB857}.Debug|Any CPU.ActiveCfg = Debug|Any CPU
		{FD5C16FA-733A-4183-B5C1-9ED6E92AB857}.Debug|Any CPU.Build.0 = Debug|Any CPU
		{FD5C16FA-733A-4183-B5C1-9ED6E92AB857}.Release|Any CPU.ActiveCfg = Release|Any CPU
		{FD5C16FA-733A-4183-B5C1-9ED6E92AB857}.Release|Any CPU.Build.0 = Release|Any CPU
		{3C6782DE-A15C-4510-821B-A7C3E363880E}.Debug|Any CPU.ActiveCfg = Debug|Any CPU
		{3C6782DE-A15C-4510-821B-A7C3E363880E}.Debug|Any CPU.Build.0 = Debug|Any CPU
		{3C6782DE-A15C-4510-821B-A7C3E363880E}.Release|Any CPU.ActiveCfg = Release|Any CPU
		{3C6782DE-A15C-4510-821B-A7C3E363880E}.Release|Any CPU.Build.0 = Release|Any CPU
		{869098DE-F303-44F8-B6C9-B36D9BE71869}.Debug|Any CPU.ActiveCfg = Debug|Any CPU
		{869098DE-F303-44F8-B6C9-B36D9BE71869}.Debug|Any CPU.Build.0 = Debug|Any CPU
		{869098DE-F303-44F8-B6C9-B36D9BE71869}.Release|Any CPU.ActiveCfg = Release|Any CPU
		{869098DE-F303-44F8-B6C9-B36D9BE71869}.Release|Any CPU.Build.0 = Release|Any CPU
		{A80FEFA9-14B6-44EF-81CE-A5A9F875D80F}.Debug|Any CPU.ActiveCfg = Debug|Any CPU
		{A80FEFA9-14B6-44EF-81CE-A5A9F875D80F}.Debug|Any CPU.Build.0 = Debug|Any CPU
		{A80FEFA9-14B6-44EF-81CE-A5A9F875D80F}.Release|Any CPU.ActiveCfg = Release|Any CPU
		{A80FEFA9-14B6-44EF-81CE-A5A9F875D80F}.Release|Any CPU.Build.0 = Release|Any CPU
		{9A8841C8-A343-4C06-8B28-16CE30A59431}.Debug|Any CPU.ActiveCfg = Debug|Any CPU
		{9A8841C8-A343-4C06-8B28-16CE30A59431}.Debug|Any CPU.Build.0 = Debug|Any CPU
		{9A8841C8-A343-4C06-8B28-16CE30A59431}.Release|Any CPU.ActiveCfg = Release|Any CPU
		{9A8841C8-A343-4C06-8B28-16CE30A59431}.Release|Any CPU.Build.0 = Release|Any CPU
	EndGlobalSection
	GlobalSection(SolutionProperties) = preSolution
		HideSolutionNode = FALSE
	EndGlobalSection
EndGlobal
